
Microsoft Visual Studio Solution File, Format Version 12.00
# Visual Studio 15
VisualStudioVersion = 15.0.27703.2000
MinimumVisualStudioVersion = 10.0.40219.1
Project("{9A19103F-16F7-4668-BE54-9A1E7A4F7556}") = "WebApplication1", "WebApplication1\WebApplication1.csproj", "{3F8C8277-1039-4765-9FEA-7F26344B840C}"
EndProject
Project("{FAE04EC0-301F-11D3-BF4B-00C04F79EFBC}") = "Mellat", "Mellat\Mellat.csproj", "{7D329B0C-07E0-42BE-9159-3354EA8B292F}"
EndProject
Global
	GlobalSection(SolutionConfigurationPlatforms) = preSolution
		Debug|Any CPU = Debug|Any CPU
		Release|Any CPU = Release|Any CPU
	EndGlobalSection
	GlobalSection(ProjectConfigurationPlatforms) = postSolution
		{3F8C8277-1039-4765-9FEA-7F26344B840C}.Debug|Any CPU.ActiveCfg = Debug|Any CPU
		{3F8C8277-1039-4765-9FEA-7F26344B840C}.Debug|Any CPU.Build.0 = Debug|Any CPU
		{3F8C8277-1039-4765-9FEA-7F26344B840C}.Release|Any CPU.ActiveCfg = Release|Any CPU
		{3F8C8277-1039-4765-9FEA-7F26344B840C}.Release|Any CPU.Build.0 = Release|Any CPU
		{7D329B0C-07E0-42BE-9159-3354EA8B292F}.Debug|Any CPU.ActiveCfg = Debug|Any CPU
		{7D329B0C-07E0-42BE-9159-3354EA8B292F}.Debug|Any CPU.Build.0 = Debug|Any CPU
		{7D329B0C-07E0-42BE-9159-3354EA8B292F}.Release|Any CPU.ActiveCfg = Release|Any CPU
		{7D329B0C-07E0-42BE-9159-3354EA8B292F}.Release|Any CPU.Build.0 = Release|Any CPU
	EndGlobalSection
	GlobalSection(SolutionProperties) = preSolution
		HideSolutionNode = FALSE
	EndGlobalSection
	GlobalSection(ExtensibilityGlobals) = postSolution
		SolutionGuid = {EDC76A22-80EA-43A0-BAD0-5EB83AEF0D04}
	EndGlobalSection
EndGlobal
